
Microsoft Visual Studio Solution File, Format Version 12.00
# Visual Studio Version 17
VisualStudioVersion = 17.11.35327.3
MinimumVisualStudioVersion = 10.0.40219.1
Project("{FAE04EC0-301F-11D3-BF4B-00C04F79EFBC}") = "HelloWord", "HelloWord\HelloWord.csproj", "{DA0CAE14-37D3-4257-8092-664656C652D7}"
EndProject
Global
	GlobalSection(SolutionConfigurationPlatforms) = preSolution
		Debug|Any CPU = Debug|Any CPU
		Release|Any CPU = Release|Any CPU
	EndGlobalSection
	GlobalSection(ProjectConfigurationPlatforms) = postSolution
		{DA0CAE14-37D3-4257-8092-664656C652D7}.Debug|Any CPU.ActiveCfg = Debug|Any CPU
		{DA0CAE14-37D3-4257-8092-664656C652D7}.Debug|Any CPU.Build.0 = Debug|Any CPU
		{DA0CAE14-37D3-4257-8092-664656C652D7}.Release|Any CPU.ActiveCfg = Release|Any CPU
		{DA0CAE14-37D3-4257-8092-664656C652D7}.Release|Any CPU.Build.0 = Release|Any CPU
	EndGlobalSection
	GlobalSection(SolutionProperties) = preSolution
		HideSolutionNode = FALSE
	EndGlobalSection
	GlobalSection(ExtensibilityGlobals) = postSolution
		SolutionGuid = {F05BD6B7-5D37-4149-A7E6-3AA99E016DC8}
	EndGlobalSection
EndGlobal
